Microsoft Visual Studio Solution File, Format Version 12.00
# Visual Studio Version 16
VisualStudioVersion = 25.0.1706.9
MinimumVisualStudioVersion = 10.0.40219.1
Project("{FAE04EC0-301F-11D3-BF4B-00C04F79EFBC}") = "BoffToolkit", "src\BoffToolkit\BoffToolkit.csproj", "{A6ECA885-6681-470E-93AD-BCDF13E07C64}"
EndProject
Project("{FAE04EC0-301F-11D3-BF4B-00C04F79EFBC}") = "BoffToolkit.Test", "test\BoffToolkit.Test\BoffToolkit.Test.csproj", "{AE9531F0-C4CA-48E4-BD5D-3B5E4BB6A14B}"
EndProject
Project("{FAE04EC0-301F-11D3-BF4B-00C04F79EFBC}") = "TestRunner", "test\TestRunner\TestRunner.csproj", "{NEW-GUID-FOR-TEST-RUNNER}"
EndProject
Global
	GlobalSection(SolutionConfigurationPlatforms) = preSolution
		Debug|Any CPU = Debug|Any CPU
		Release|Any CPU = Release|Any CPU
	EndGlobalSection
	GlobalSection(ProjectConfigurationPlatforms) = postSolution
		{A6ECA885-6681-470E-93AD-BCDF13E07C64}.Debug|Any CPU.ActiveCfg = Debug|Any CPU
		{A6ECA885-6681-470E-93AD-BCDF13E07C64}.Debug|Any CPU.Build.0 = Debug|Any CPU
		{A6ECA885-6681-470E-93AD-BCDF13E07C64}.Release|Any CPU.ActiveCfg = Release|Any CPU
		{A6ECA885-6681-470E-93AD-BCDF13E07C64}.Release|Any CPU.Build.0 = Release|Any CPU
		{AE9531F0-C4CA-48E4-BD5D-3B5E4BB6A14B}.Debug|Any CPU.ActiveCfg = Debug|Any CPU
		{AE9531F0-C4CA-48E4-BD5D-3B5E4BB6A14B}.Debug|Any CPU.Build.0 = Debug|Any CPU
		{AE9531F0-C4CA-48E4-BD5D-3B5E4BB6A14B}.Release|Any CPU.ActiveCfg = Release|Any CPU
		{AE9531F0-C4CA-48E4-BD5D-3B5E4BB6A14B}.Release|Any CPU.Build.0 = Release|Any CPU
		{NEW-GUID-FOR-TEST-RUNNER}.Debug|Any CPU.ActiveCfg = Debug|Any CPU
		{NEW-GUID-FOR-TEST-RUNNER}.Debug|Any CPU.Build.0 = Debug|Any CPU
		{NEW-GUID-FOR-TEST-RUNNER}.Release|Any CPU.ActiveCfg = Release|Any CPU
		{NEW-GUID-FOR-TEST-RUNNER}.Release|Any CPU.Build.0 = Release|Any CPU
	EndGlobalSection
	GlobalSection(SolutionProperties) = preSolution
		HideSolutionNode = FALSE
	EndGlobalSection
	GlobalSection(ExtensibilityGlobals) = postSolution
		SolutionGuid = {1F5FB680-D675-41CD-885E-50E3DE06A55A}
EndGlobalSection